// !$*UTF8*$!
{
	archiveVersion = 1;
	classes = {
	};
	objectVersion = 46;
	objects = {

/* Begin PBXBuildFile section */
		545B5D1E1C8D2D9700FF093E /* AppDelegate.swift in Sources */ = {isa = PBXBuildFile; fileRef = 545B5D1D1C8D2D9700FF093E /* AppDelegate.swift */; };
		545B5D201C8D2D9700FF093E /* ViewController.swift in Sources */ = {isa = PBXBuildFile; fileRef = 545B5D1F1C8D2D9700FF093E /* ViewController.swift */; };
		545B5D231C8D2D9700FF093E /* Main.storyboard in Resources */ = {isa = PBXBuildFile; fileRef = 545B5D211C8D2D9700FF093E /* Main.storyboard */; };
		545B5D251C8D2D9700FF093E /* Assets.xcassets in Resources */ = {isa = PBXBuildFile; fileRef = 545B5D241C8D2D9700FF093E /* Assets.xcassets */; };
		545B5D281C8D2D9700FF093E /* LaunchScreen.storyboard in Resources */ = {isa = PBXBuildFile; fileRef = 545B5D261C8D2D9700FF093E /* LaunchScreen.storyboard */; };
		545B5D301C8D2F4A00FF093E /* CalendarViewController.swift in Sources */ = {isa = PBXBuildFile; fileRef = 545B5D2F1C8D2F4A00FF093E /* CalendarViewController.swift */; };
		545B5D321C8D594000FF093E /* EventKit.framework in Frameworks */ = {isa = PBXBuildFile; fileRef = 545B5D311C8D594000FF093E /* EventKit.framework */; };
		5473A4DD1C8D664900AA79B6 /* UIKitExtension.swift in Sources */ = {isa = PBXBuildFile; fileRef = 5473A4DC1C8D664900AA79B6 /* UIKitExtension.swift */; };
		5473A4DF1C8DA8BD00AA79B6 /* AlertControllerSampleViewController.swift in Sources */ = {isa = PBXBuildFile; fileRef = 5473A4DE1C8DA8BD00AA79B6 /* AlertControllerSampleViewController.swift */; };
		54E2D73C1C8E7CEB00F490A4 /* NSURLSessionViewController.swift in Sources */ = {isa = PBXBuildFile; fileRef = 54E2D73B1C8E7CEB00F490A4 /* NSURLSessionViewController.swift */; };
		54E2D73E1C8E801100F490A4 /* NSURLSessionViewController.storyboard in Resources */ = {isa = PBXBuildFile; fileRef = 54E2D73D1C8E801100F490A4 /* NSURLSessionViewController.storyboard */; };
		54E2D7421C8E8A0F00F490A4 /* NSURLSessionDownloadViewController.storyboard in Resources */ = {isa = PBXBuildFile; fileRef = 54E2D7411C8E8A0F00F490A4 /* NSURLSessionDownloadViewController.storyboard */; };
		54E2D7441C8E8A2500F490A4 /* NSURLSessionDownloadViewController.swift in Sources */ = {isa = PBXBuildFile; fileRef = 54E2D7431C8E8A2500F490A4 /* NSURLSessionDownloadViewController.swift */; };
		54E2D7461C8EB58400F490A4 /* LocalNotificationViewController.swift in Sources */ = {isa = PBXBuildFile; fileRef = 54E2D7451C8EB58400F490A4 /* LocalNotificationViewController.swift */; };
		54E2D7481C8EB5B600F490A4 /* LocalNotificationViewController.storyboard in Resources */ = {isa = PBXBuildFile; fileRef = 54E2D7471C8EB5B600F490A4 /* LocalNotificationViewController.storyboard */; };
		54E2D74A1C8EBB2A00F490A4 /* FaceDetectorViewController.storyboard in Resources */ = {isa = PBXBuildFile; fileRef = 54E2D7491C8EBB2A00F490A4 /* FaceDetectorViewController.storyboard */; };
		54E2D74C1C8EBB3500F490A4 /* FaceDetectorViewController.swift in Sources */ = {isa = PBXBuildFile; fileRef = 54E2D74B1C8EBB3500F490A4 /* FaceDetectorViewController.swift */; };
		54E2D7521C8ECC8700F490A4 /* monkeys.jpg in Resources */ = {isa = PBXBuildFile; fileRef = 54E2D7511C8ECC8700F490A4 /* monkeys.jpg */; };
/* End PBXBuildFile section */

/* Begin PBXFileReference section */
		545B5D1A1C8D2D9700FF093E /* SwiftExamples.app */ = {isa = PBXFileReference; explicitFileType = wrapper.application; includeInIndex = 0; path = SwiftExamples.app; sourceTree = BUILT_PRODUCTS_DIR; };
		545B5D1D1C8D2D9700FF093E /* AppDelegate.swift */ = {isa = PBXFileReference; lastKnownFileType = sourcecode.swift; path = AppDelegate.swift; sourceTree = "<group>"; };
		545B5D1F1C8D2D9700FF093E /* ViewController.swift */ = {isa = PBXFileReference; lastKnownFileType = sourcecode.swift; path = ViewController.swift; sourceTree = "<group>"; };
		545B5D221C8D2D9700FF093E /* Base */ = {isa = PBXFileReference; lastKnownFileType = file.storyboard; name = Base; path = Base.lproj/Main.storyboard; sourceTree = "<group>"; };
		545B5D241C8D2D9700FF093E /* Assets.xcassets */ = {isa = PBXFileReference; lastKnownFileType = folder.assetcatalog; path = Assets.xcassets; sourceTree = "<group>"; };
		545B5D271C8D2D9700FF093E /* Base */ = {isa = PBXFileReference; lastKnownFileType = file.storyboard; name = Base; path = Base.lproj/LaunchScreen.storyboard; sourceTree = "<group>"; };
		545B5D291C8D2D9700FF093E /* Info.plist */ = {isa = PBXFileReference; lastKnownFileType = text.plist.xml; path = Info.plist; sourceTree = "<group>"; };
		545B5D2F1C8D2F4A00FF093E /* CalendarViewController.swift */ = {isa = PBXFileReference; fileEncoding = 4; lastKnownFileType = sourcecode.swift; path = CalendarViewController.swift; sourceTree = "<group>"; };
		545B5D311C8D594000FF093E /* EventKit.framework */ = {isa = PBXFileReference; lastKnownFileType = wrapper.framework; name = EventKit.framework; path = System/Library/Frameworks/EventKit.framework; sourceTree = SDKROOT; };
		5473A4DC1C8D664900AA79B6 /* UIKitExtension.swift */ = {isa = PBXFileReference; fileEncoding = 4; lastKnownFileType = sourcecode.swift; path = UIKitExtension.swift; sourceTree = "<group>"; };
		5473A4DE1C8DA8BD00AA79B6 /* AlertControllerSampleViewController.swift */ = {isa = PBXFileReference; fileEncoding = 4; lastKnownFileType = sourcecode.swift; path = AlertControllerSampleViewController.swift; sourceTree = "<group>"; };
		54E2D73B1C8E7CEB00F490A4 /* NSURLSessionViewController.swift */ = {isa = PBXFileReference; fileEncoding = 4; lastKnownFileType = sourcecode.swift; path = NSURLSessionViewController.swift; sourceTree = "<group>"; };
		54E2D73D1C8E801100F490A4 /* NSURLSessionViewController.storyboard */ = {isa = PBXFileReference; fileEncoding = 4; lastKnownFileType = file.storyboard; path = NSURLSessionViewController.storyboard; sourceTree = "<group>"; };
		54E2D7411C8E8A0F00F490A4 /* NSURLSessionDownloadViewController.storyboard */ = {isa = PBXFileReference; fileEncoding = 4; lastKnownFileType = file.storyboard; path = NSURLSessionDownloadViewController.storyboard; sourceTree = "<group>"; };
		54E2D7431C8E8A2500F490A4 /* NSURLSessionDownloadViewController.swift */ = {isa = PBXFileReference; fileEncoding = 4; lastKnownFileType = sourcecode.swift; path = NSURLSessionDownloadViewController.swift; sourceTree = "<group>"; };
		54E2D7451C8EB58400F490A4 /* LocalNotificationViewController.swift */ = {isa = PBXFileReference; fileEncoding = 4; lastKnownFileType = sourcecode.swift; path = LocalNotificationViewController.swift; sourceTree = "<group>"; };
		54E2D7471C8EB5B600F490A4 /* LocalNotificationViewController.storyboard */ = {isa = PBXFileReference; fileEncoding = 4; lastKnownFileType = file.storyboard; path = LocalNotificationViewController.storyboard; sourceTree = "<group>"; };
		54E2D7491C8EBB2A00F490A4 /* FaceDetectorViewController.storyboard */ = {isa = PBXFileReference; fileEncoding = 4; lastKnownFileType = file.storyboard; path = FaceDetectorViewController.storyboard; sourceTree = "<group>"; };
		54E2D74B1C8EBB3500F490A4 /* FaceDetectorViewController.swift */ = {isa = PBXFileReference; fileEncoding = 4; lastKnownFileType = sourcecode.swift; path = FaceDetectorViewController.swift; sourceTree = "<group>"; };
		54E2D7511C8ECC8700F490A4 /* monkeys.jpg */ = {isa = PBXFileReference; lastKnownFileType = image.jpeg; path = monkeys.jpg; sourceTree = "<group>"; };
/* End PBXFileReference section */

/* Begin PBXFrameworksBuildPhase section */
		545B5D171C8D2D9700FF093E /* Frameworks */ = {
			isa = PBXFrameworksBuildPhase;
			buildActionMask = 2147483647;
			files = (
				545B5D321C8D594000FF093E /* EventKit.framework in Frameworks */,
			);
			runOnlyForDeploymentPostprocessing = 0;
		};
/* End PBXFrameworksBuildPhase section */

/* Begin PBXGroup section */
		545B5D111C8D2D9700FF093E = {
			isa = PBXGroup;
			children = (
				545B5D331C8D594900FF093E /* Frameworks */,
				545B5D1C1C8D2D9700FF093E /* SwiftExamples */,
				545B5D1B1C8D2D9700FF093E /* Products */,
			);
			sourceTree = "<group>";
		};
		545B5D1B1C8D2D9700FF093E /* Products */ = {
			isa = PBXGroup;
			children = (
				545B5D1A1C8D2D9700FF093E /* SwiftExamples.app */,
			);
			name = Products;
			sourceTree = "<group>";
		};
		545B5D1C1C8D2D9700FF093E /* SwiftExamples */ = {
			isa = PBXGroup;
			children = (
				54E2D7511C8ECC8700F490A4 /* monkeys.jpg */,
				545B5D1D1C8D2D9700FF093E /* AppDelegate.swift */,
				5473A4DC1C8D664900AA79B6 /* UIKitExtension.swift */,
				545B5D1F1C8D2D9700FF093E /* ViewController.swift */,
				545B5D2F1C8D2F4A00FF093E /* CalendarViewController.swift */,
				5473A4DE1C8DA8BD00AA79B6 /* AlertControllerSampleViewController.swift */,
				54E2D73D1C8E801100F490A4 /* NSURLSessionViewController.storyboard */,
				54E2D73B1C8E7CEB00F490A4 /* NSURLSessionViewController.swift */,
				54E2D7411C8E8A0F00F490A4 /* NSURLSessionDownloadViewController.storyboard */,
				54E2D7431C8E8A2500F490A4 /* NSURLSessionDownloadViewController.swift */,
				54E2D7471C8EB5B600F490A4 /* LocalNotificationViewController.storyboard */,
				54E2D7451C8EB58400F490A4 /* LocalNotificationViewController.swift */,
				54E2D7491C8EBB2A00F490A4 /* FaceDetectorViewController.storyboard */,
				54E2D74B1C8EBB3500F490A4 /* FaceDetectorViewController.swift */,
				545B5D211C8D2D9700FF093E /* Main.storyboard */,
				545B5D241C8D2D9700FF093E /* Assets.xcassets */,
				545B5D261C8D2D9700FF093E /* LaunchScreen.storyboard */,
				545B5D291C8D2D9700FF093E /* Info.plist */,
			);
			path = SwiftExamples;
			sourceTree = "<group>";
		};
		545B5D331C8D594900FF093E /* Frameworks */ = {
			isa = PBXGroup;
			children = (
				545B5D311C8D594000FF093E /* EventKit.framework */,
			);
			name = Frameworks;
			sourceTree = "<group>";
		};
/* End PBXGroup section */

/* Begin PBXNativeTarget section */
		545B5D191C8D2D9700FF093E /* SwiftExamples */ = {
			isa = PBXNativeTarget;
			buildConfigurationList = 545B5D2C1C8D2D9700FF093E /* Build configuration list for PBXNativeTarget "SwiftExamples" */;
			buildPhases = (
				545B5D161C8D2D9700FF093E /* Sources */,
				545B5D171C8D2D9700FF093E /* Frameworks */,
				545B5D181C8D2D9700FF093E /* Resources */,
			);
			buildRules = (
			);
			dependencies = (
			);
			name = SwiftExamples;
			productName = SwiftExamples;
			productReference = 545B5D1A1C8D2D9700FF093E /* SwiftExamples.app */;
			productType = "com.apple.product-type.application";
		};
/* End PBXNativeTarget section */

/* Begin PBXProject section */
		545B5D121C8D2D9700FF093E /* Project object */ = {
			isa = PBXProject;
			attributes = {
				LastSwiftUpdateCheck = 0720;
				LastUpgradeCheck = 0720;
				ORGANIZATIONNAME = "Trung Pham";
				TargetAttributes = {
					545B5D191C8D2D9700FF093E = {
						CreatedOnToolsVersion = 7.2;
					};
				};
			};
			buildConfigurationList = 545B5D151C8D2D9700FF093E /* Build configuration list for PBXProject "SwiftExamples" */;
			compatibilityVersion = "Xcode 3.2";
			developmentRegion = English;
			hasScannedForEncodings = 0;
			knownRegions = (
				en,
				Base,
			);
			mainGroup = 545B5D111C8D2D9700FF093E;
			productRefGroup = 545B5D1B1C8D2D9700FF093E /* Products */;
			projectDirPath = "";
			projectRoot = "";
			targets = (
				545B5D191C8D2D9700FF093E /* SwiftExamples */,
			);
		};
/* End PBXProject section */

/* Begin PBXResourcesBuildPhase section */
		545B5D181C8D2D9700FF093E /* Resources */ = {
			isa = PBXResourcesBuildPhase;
			buildActionMask = 2147483647;
			files = (
				54E2D7521C8ECC8700F490A4 /* monkeys.jpg in Resources */,
				54E2D7481C8EB5B600F490A4 /* LocalNotificationViewController.storyboard in Resources */,
				545B5D281C8D2D9700FF093E /* LaunchScreen.storyboard in Resources */,
				54E2D74A1C8EBB2A00F490A4 /* FaceDetectorViewController.storyboard in Resources */,
				545B5D251C8D2D9700FF093E /* Assets.xcassets in Resources */,
				545B5D231C8D2D9700FF093E /* Main.storyboard in Resources */,
				54E2D73E1C8E801100F490A4 /* NSURLSessionViewController.storyboard in Resources */,
				54E2D7421C8E8A0F00F490A4 /* NSURLSessionDownloadViewController.storyboard in Resources */,
			);
			runOnlyForDeploymentPostprocessing = 0;
		};
/* End PBXResourcesBuildPhase section */

/* Begin PBXSourcesBuildPhase section */
		545B5D161C8D2D9700FF093E /* Sources */ = {
			isa = PBXSourcesBuildPhase;
			buildActionMask = 2147483647;
			files = (
				545B5D301C8D2F4A00FF093E /* CalendarViewController.swift in Sources */,
				54E2D7461C8EB58400F490A4 /* LocalNotificationViewController.swift in Sources */,
				545B5D201C8D2D9700FF093E /* ViewController.swift in Sources */,
				54E2D74C1C8EBB3500F490A4 /* FaceDetectorViewController.swift in Sources */,
				54E2D7441C8E8A2500F490A4 /* NSURLSessionDownloadViewController.swift in Sources */,
				5473A4DF1C8DA8BD00AA79B6 /* AlertControllerSampleViewController.swift in Sources */,
				5473A4DD1C8D664900AA79B6 /* UIKitExtension.swift in Sources */,
				54E2D73C1C8E7CEB00F490A4 /* NSURLSessionViewController.swift in Sources */,
				545B5D1E1C8D2D9700FF093E /* AppDelegate.swift in Sources */,
			);
			runOnlyForDeploymentPostprocessing = 0;
		};
/* End PBXSourcesBuildPhase section */

/* Begin PBXVariantGroup section */
		545B5D211C8D2D9700FF093E /* Main.storyboard */ = {
			isa = PBXVariantGroup;
			children = (
				545B5D221C8D2D9700FF093E /* Base */,
			);
			name = Main.storyboard;
			sourceTree = "<group>";
		};
		545B5D261C8D2D9700FF093E /* LaunchScreen.storyboard */ = {
			isa = PBXVariantGroup;
			children = (
				545B5D271C8D2D9700FF093E /* Base */,
			);
			name = LaunchScreen.storyboard;
			sourceTree = "<group>";
		};
/* End PBXVariantGroup section */

/* Begin XCBuildConfiguration section */
		545B5D2A1C8D2D9700FF093E /* Debug */ = {
			isa = XCBuildConfiguration;
			buildSettings = {
				ALWAYS_SEARCH_USER_PATHS = NO;
				CLANG_CXX_LANGUAGE_STANDARD = "gnu++0x";
				CLANG_CXX_LIBRARY = "libc++";
				CLANG_ENABLE_MODULES = YES;
				CLANG_ENABLE_OBJC_ARC = YES;
				CLANG_WARN_BOOL_CONVERSION = YES;
				CLANG_WARN_CONSTANT_CONVERSION = YES;
				CLANG_WARN_DIRECT_OBJC_ISA_USAGE = YES_ERROR;
				CLANG_WARN_EMPTY_BODY = YES;
				CLANG_WARN_ENUM_CONVERSION = YES;
				CLANG_WARN_INT_CONVERSION = YES;
				CLANG_WARN_OBJC_ROOT_CLASS = YES_ERROR;
				CLANG_WARN_UNREACHABLE_CODE = YES;
				CLANG_WARN__DUPLICATE_METHOD_MATCH = YES;
				"CODE_SIGN_IDENTITY[sdk=iphoneos*]" = "iPhone Developer";
				COPY_PHASE_STRIP = NO;
				DEBUG_INFORMATION_FORMAT = dwarf;
				ENABLE_STRICT_OBJC_MSGSEND = YES;
				ENABLE_TESTABILITY = YES;
				GCC_C_LANGUAGE_STANDARD = gnu99;
				GCC_DYNAMIC_NO_PIC = NO;
				GCC_NO_COMMON_BLOCKS = YES;
				GCC_OPTIMIZATION_LEVEL = 0;
				GCC_PREPROCESSOR_DEFINITIONS = (
					"DEBUG=1",
					"$(inherited)",
				);
				GCC_WARN_64_TO_32_BIT_CONVERSION = YES;
				GCC_WARN_ABOUT_RETURN_TYPE = YES_ERROR;
				GCC_WARN_UNDECLARED_SELECTOR = YES;
				GCC_WARN_UNINITIALIZED_AUTOS = YES_AGGRESSIVE;
				GCC_WARN_UNUSED_FUNCTION = YES;
				GCC_WARN_UNUSED_VARIABLE = YES;
				IPHONEOS_DEPLOYMENT_TARGET = 9.2;
				MTL_ENABLE_DEBUG_INFO = YES;
				ONLY_ACTIVE_ARCH = YES;
				SDKROOT = iphoneos;
				SWIFT_OPTIMIZATION_LEVEL = "-Onone";
				TARGETED_DEVICE_FAMILY = "1,2";
			};
			name = Debug;
		};
		545B5D2B1C8D2D9700FF093E /* Release */ = {
			isa = XCBuildConfiguration;
			buildSettings = {
				ALWAYS_SEARCH_USER_PATHS = NO;
				CLANG_CXX_LANGUAGE_STANDARD = "gnu++0x";
				CLANG_CXX_LIBRARY = "libc++";
				CLANG_ENABLE_MODULES = YES;
				CLANG_ENABLE_OBJC_ARC = YES;
				CLANG_WARN_BOOL_CONVERSION = YES;
				CLANG_WARN_CONSTANT_CONVERSION = YES;
				CLANG_WARN_DIRECT_OBJC_ISA_USAGE = YES_ERROR;
				CLANG_WARN_EMPTY_BODY = YES;
				CLANG_WARN_ENUM_CONVERSION = YES;
				CLANG_WARN_INT_CONVERSION = YES;
				CLANG_WARN_OBJC_ROOT_CLASS = YES_ERROR;
				CLANG_WARN_UNREACHABLE_CODE = YES;
				CLANG_WARN__DUPLICATE_METHOD_MATCH = YES;
				"CODE_SIGN_IDENTITY[sdk=iphoneos*]" = "iPhone Developer";
				COPY_PHASE_STRIP = NO;
				DEBUG_INFORMATION_FORMAT = "dwarf-with-dsym";
				ENABLE_NS_ASSERTIONS = NO;
				ENABLE_STRICT_OBJC_MSGSEND = YES;
				GCC_C_LANGUAGE_STANDARD = gnu99;
				GCC_NO_COMMON_BLOCKS = YES;
				GCC_WARN_64_TO_32_BIT_CONVERSION = YES;
				GCC_WARN_ABOUT_RETURN_TYPE = YES_ERROR;
				GCC_WARN_UNDECLARED_SELECTOR = YES;
				GCC_WARN_UNINITIALIZED_AUTOS = YES_AGGRESSIVE;
				GCC_WARN_UNUSED_FUNCTION = YES;
				GCC_WARN_UNUSED_VARIABLE = YES;
				IPHONEOS_DEPLOYMENT_TARGET = 9.2;
				MTL_ENABLE_DEBUG_INFO = NO;
				SDKROOT = iphoneos;
				TARGETED_DEVICE_FAMILY = "1,2";
				VALIDATE_PRODUCT = YES;
			};
			name = Release;
		};
		545B5D2D1C8D2D9700FF093E /* Debug */ = {
			isa = XCBuildConfiguration;
			buildSettings = {
				ASSETCATALOG_COMPILER_APPICON_NAME = AppIcon;
				INFOPLIST_FILE = SwiftExamples/Info.plist;
				LD_RUNPATH_SEARCH_PATHS = "$(inherited) @executable_path/Frameworks";
				PRODUCT_BUNDLE_IDENTIFIER = com.trungpham.SwiftExamples;
				PRODUCT_NAME = "$(TARGET_NAME)";
			};
			name = Debug;
		};
		545B5D2E1C8D2D9700FF093E /* Release */ = {
			isa = XCBuildConfiguration;
			buildSettings = {
				ASSETCATALOG_COMPILER_APPICON_NAME = AppIcon;
				INFOPLIST_FILE = SwiftExamples/Info.plist;
				LD_RUNPATH_SEARCH_PATHS = "$(inherited) @executable_path/Frameworks";
				PRODUCT_BUNDLE_IDENTIFIER = com.trungpham.SwiftExamples;
				PRODUCT_NAME = "$(TARGET_NAME)";
			};
			name = Release;
		};
/* End XCBuildConfiguration section */

/* Begin XCConfigurationList section */
		545B5D151C8D2D9700FF093E /* Build configuration list for PBXProject "SwiftExamples" */ = {
			isa = XCConfigurationList;
			buildConfigurations = (
				545B5D2A1C8D2D9700FF093E /* Debug */,
				545B5D2B1C8D2D9700FF093E /* Release */,
			);
			defaultConfigurationIsVisible = 0;
			defaultConfigurationName = Release;
		};
		545B5D2C1C8D2D9700FF093E /* Build configuration list for PBXNativeTarget "SwiftExamples" */ = {
			isa = XCConfigurationList;
			buildConfigurations = (
				545B5D2D1C8D2D9700FF093E /* Debug */,
				545B5D2E1C8D2D9700FF093E /* Release */,
			);
			defaultConfigurationIsVisible = 0;
			defaultConfigurationName = Release;
		};
/* End XCConfigurationList section */
	};
	rootObject = 545B5D121C8D2D9700FF093E /* Project object */;
}
